
Microsoft Visual Studio Solution File, Format Version 12.00
# Visual Studio Version 17
VisualStudioVersion = 17.1.32421.90
MinimumVisualStudioVersion = 10.0.40219.1
Project("{FAE04EC0-301F-11D3-BF4B-00C04F79EFBC}") = "Demo1", "Demo1\Demo1.csproj", "{F83FD1B0-53F3-4320-99C3-DDDD4E86641C}"
EndProject
Global
	GlobalSection(SolutionConfigurationPlatforms) = preSolution
		Debug|Any CPU = Debug|Any CPU
		Release|Any CPU = Release|Any CPU
	EndGlobalSection
	GlobalSection(ProjectConfigurationPlatforms) = postSolution
		{F83FD1B0-53F3-4320-99C3-DDDD4E86641C}.Debug|Any CPU.ActiveCfg = Debug|Any CPU
		{F83FD1B0-53F3-4320-99C3-DDDD4E86641C}.Debug|Any CPU.Build.0 = Debug|Any CPU
		{F83FD1B0-53F3-4320-99C3-DDDD4E86641C}.Release|Any CPU.ActiveCfg = Release|Any CPU
		{F83FD1B0-53F3-4320-99C3-DDDD4E86641C}.Release|Any CPU.Build.0 = Release|Any CPU
	EndGlobalSection
	GlobalSection(SolutionProperties) = preSolution
		HideSolutionNode = FALSE
	EndGlobalSection
	GlobalSection(ExtensibilityGlobals) = postSolution
		SolutionGuid = {4B0523B4-AACB-4E07-964C-59CC69A0747A}
	EndGlobalSection
EndGlobal
